
Microsoft Visual Studio Solution File, Format Version 12.00
# Visual Studio Version 17
VisualStudioVersion = 17.7.34202.233
MinimumVisualStudioVersion = 10.0.40219.1
Project("{FAE04EC0-301F-11D3-BF4B-00C04F79EFBC}") = "BancoDeDadosAPI", "BancoDeDadosAPI\BancoDeDadosAPI.csproj", "{996A36F0-08A7-4B6E-A6FB-D4AB9DD93294}"
EndProject
Global
	GlobalSection(SolutionConfigurationPlatforms) = preSolution
		Debug|Any CPU = Debug|Any CPU
		Release|Any CPU = Release|Any CPU
	EndGlobalSection
	GlobalSection(ProjectConfigurationPlatforms) = postSolution
		{996A36F0-08A7-4B6E-A6FB-D4AB9DD93294}.Debug|Any CPU.ActiveCfg = Debug|Any CPU
		{996A36F0-08A7-4B6E-A6FB-D4AB9DD93294}.Debug|Any CPU.Build.0 = Debug|Any CPU
		{996A36F0-08A7-4B6E-A6FB-D4AB9DD93294}.Release|Any CPU.ActiveCfg = Release|Any CPU
		{996A36F0-08A7-4B6E-A6FB-D4AB9DD93294}.Release|Any CPU.Build.0 = Release|Any CPU
	EndGlobalSection
	GlobalSection(SolutionProperties) = preSolution
		HideSolutionNode = FALSE
	EndGlobalSection
	GlobalSection(ExtensibilityGlobals) = postSolution
		SolutionGuid = {8B337DB9-6392-43E4-8752-2AFC2FBDF141}
	EndGlobalSection
EndGlobal
